
Microsoft Visual Studio Solution File, Format Version 12.00
# Visual Studio Version 17
VisualStudioVersion = 17.4.33122.133
MinimumVisualStudioVersion = 10.0.40219.1
Project("{FAE04EC0-301F-11D3-BF4B-00C04F79EFBC}") = "BizLand", "BizLand\BizLand.csproj", "{C38851D9-5DEF-4269-8557-8EA88F317E98}"
EndProject
Global
	GlobalSection(SolutionConfigurationPlatforms) = preSolution
		Debug|Any CPU = Debug|Any CPU
		Release|Any CPU = Release|Any CPU
	EndGlobalSection
	GlobalSection(ProjectConfigurationPlatforms) = postSolution
		{C38851D9-5DEF-4269-8557-8EA88F317E98}.Debug|Any CPU.ActiveCfg = Debug|Any CPU
		{C38851D9-5DEF-4269-8557-8EA88F317E98}.Debug|Any CPU.Build.0 = Debug|Any CPU
		{C38851D9-5DEF-4269-8557-8EA88F317E98}.Release|Any CPU.ActiveCfg = Release|Any CPU
		{C38851D9-5DEF-4269-8557-8EA88F317E98}.Release|Any CPU.Build.0 = Release|Any CPU
	EndGlobalSection
	GlobalSection(SolutionProperties) = preSolution
		HideSolutionNode = FALSE
	EndGlobalSection
	GlobalSection(ExtensibilityGlobals) = postSolution
		SolutionGuid = {BC8348A7-D984-436C-8CD0-16A3008F8E6E}
	EndGlobalSection
EndGlobal
